Microsoft Visual Studio Solution File, Format Version 11.00
# Visual Studio 2015
Project("{897AB36B-F0BD-7E99-2D3E-42FC538B67F8}") = "Decimator", "Decimator.vcxproj", "{0598707E-B9E9-9D4A-A757-ECEF6CDB4817}"
EndProject
Global
	GlobalSection(SolutionConfigurationPlatforms) = preSolution
		Debug|Win32 = Debug|Win32
		Release|Win32 = Release|Win32
	EndGlobalSection
	GlobalSection(ProjectConfigurationPlatforms) = postSolution
		{0598707E-B9E9-9D4A-A757-ECEF6CDB4817}.Debug|Win32.ActiveCfg = Debug|Win32
		{0598707E-B9E9-9D4A-A757-ECEF6CDB4817}.Debug|Win32.Build.0 = Debug|Win32
		{0598707E-B9E9-9D4A-A757-ECEF6CDB4817}.Release|Win32.ActiveCfg = Release|Win32
		{0598707E-B9E9-9D4A-A757-ECEF6CDB4817}.Release|Win32.Build.0 = Release|Win32
	EndGlobalSection
	GlobalSection(SolutionProperties) = preSolution
		HideSolutionNode = FALSE
	EndGlobalSection
EndGlobal
